
Microsoft Visual Studio Solution File, Format Version 12.00
# Visual Studio Version 17
VisualStudioVersion = 17.14.36109.1 d17.14
MinimumVisualStudioVersion = 10.0.40219.1
Project("{FAE04EC0-301F-11D3-BF4B-00C04F79EFBC}") = "Entity Trial", "Entity Trial\Entity Trial.csproj", "{DFA606A7-95B6-40C0-B975-8F458573205B}"
EndProject
Global
	GlobalSection(SolutionConfigurationPlatforms) = preSolution
		Debug|Any CPU = Debug|Any CPU
		Release|Any CPU = Release|Any CPU
	EndGlobalSection
	GlobalSection(ProjectConfigurationPlatforms) = postSolution
		{DFA606A7-95B6-40C0-B975-8F458573205B}.Debug|Any CPU.ActiveCfg = Debug|Any CPU
		{DFA606A7-95B6-40C0-B975-8F458573205B}.Debug|Any CPU.Build.0 = Debug|Any CPU
		{DFA606A7-95B6-40C0-B975-8F458573205B}.Release|Any CPU.ActiveCfg = Release|Any CPU
		{DFA606A7-95B6-40C0-B975-8F458573205B}.Release|Any CPU.Build.0 = Release|Any CPU
	EndGlobalSection
	GlobalSection(SolutionProperties) = preSolution
		HideSolutionNode = FALSE
	EndGlobalSection
	GlobalSection(ExtensibilityGlobals) = postSolution
		SolutionGuid = {10C29A78-0FF4-4910-BE97-0C33A38FA99F}
	EndGlobalSection
EndGlobal
